// !$*UTF8*$!
{
	archiveVersion = 1;
	classes = {
	};
	objectVersion = 56;
	objects = {

/* Begin PBXBuildFile section */
		C046E0112B9515090054024C /* FruitNutrientsView.swift in Sources */ = {isa = PBXBuildFile; fileRef = C046E0102B9515090054024C /* FruitNutrientsView.swift */; };
		C046E0132B9521CD0054024C /* SettingsView.swift in Sources */ = {isa = PBXBuildFile; fileRef = C046E0122B9521CD0054024C /* SettingsView.swift */; };
		C046E0152B952CB30054024C /* SettingsLabelView.swift in Sources */ = {isa = PBXBuildFile; fileRef = C046E0142B952CB30054024C /* SettingsLabelView.swift */; };
		C046E0172B9698A70054024C /* SettingsRowView.swift in Sources */ = {isa = PBXBuildFile; fileRef = C046E0162B9698A70054024C /* SettingsRowView.swift */; };
		C05FAF902B9160BE00B7C8B1 /* Fruits_and_VegetablesApp.swift in Sources */ = {isa = PBXBuildFile; fileRef = C05FAF8F2B9160BE00B7C8B1 /* Fruits_and_VegetablesApp.swift */; };
		C05FAF922B9160BE00B7C8B1 /* ContentView.swift in Sources */ = {isa = PBXBuildFile; fileRef = C05FAF912B9160BE00B7C8B1 /* ContentView.swift */; };
		C05FAF942B9160BF00B7C8B1 /* Assets.xcassets in Resources */ = {isa = PBXBuildFile; fileRef = C05FAF932B9160BF00B7C8B1 /* Assets.xcassets */; };
		C05FAF972B9160BF00B7C8B1 /* Preview Assets.xcassets in Resources */ = {isa = PBXBuildFile; fileRef = C05FAF962B9160BF00B7C8B1 /* Preview Assets.xcassets */; };
		C0D4CD9D2B939A1200885B02 /* FruitCardView.swift in Sources */ = {isa = PBXBuildFile; fileRef = C0D4CD9C2B939A1200885B02 /* FruitCardView.swift */; };
		C0D4CD9F2B93A7E100885B02 /* StartButtonView.swift in Sources */ = {isa = PBXBuildFile; fileRef = C0D4CD9E2B93A7E100885B02 /* StartButtonView.swift */; };
		C0D4CDA12B93B09100885B02 /* OnboardingView.swift in Sources */ = {isa = PBXBuildFile; fileRef = C0D4CDA02B93B09100885B02 /* OnboardingView.swift */; };
		C0D4CDA42B94099D00885B02 /* FruitModel.swift in Sources */ = {isa = PBXBuildFile; fileRef = C0D4CDA32B94099D00885B02 /* FruitModel.swift */; };
		C0D4CDA72B940BAE00885B02 /* FruitData.swift in Sources */ = {isa = PBXBuildFile; fileRef = C0D4CDA62B940BAE00885B02 /* FruitData.swift */; };
		C0D4CDA92B941D4300885B02 /* FruitRowView.swift in Sources */ = {isa = PBXBuildFile; fileRef = C0D4CDA82B941D4300885B02 /* FruitRowView.swift */; };
		C0D4CDAB2B94ECFA00885B02 /* FruitDetailView.swift in Sources */ = {isa = PBXBuildFile; fileRef = C0D4CDAA2B94ECFA00885B02 /* FruitDetailView.swift */; };
		C0D4CDAD2B94F6EF00885B02 /* FruitHeaderView.swift in Sources */ = {isa = PBXBuildFile; fileRef = C0D4CDAC2B94F6EF00885B02 /* FruitHeaderView.swift */; };
		C0D4CDAF2B94FC8B00885B02 /* SourceLinkView.swift in Sources */ = {isa = PBXBuildFile; fileRef = C0D4CDAE2B94FC8B00885B02 /* SourceLinkView.swift */; };
/* End PBXBuildFile section */

/* Begin PBXFileReference section */
		C046E0102B9515090054024C /* FruitNutrientsView.swift */ = {isa = PBXFileReference; lastKnownFileType = sourcecode.swift; path = FruitNutrientsView.swift; sourceTree = "<group>"; };
		C046E0122B9521CD0054024C /* SettingsView.swift */ = {isa = PBXFileReference; lastKnownFileType = sourcecode.swift; path = SettingsView.swift; sourceTree = "<group>"; };
		C046E0142B952CB30054024C /* SettingsLabelView.swift */ = {isa = PBXFileReference; lastKnownFileType = sourcecode.swift; path = SettingsLabelView.swift; sourceTree = "<group>"; };
		C046E0162B9698A70054024C /* SettingsRowView.swift */ = {isa = PBXFileReference; lastKnownFileType = sourcecode.swift; path = SettingsRowView.swift; sourceTree = "<group>"; };
		C05FAF8C2B9160BE00B7C8B1 /* Fruits and Vegetables.app */ = {isa = PBXFileReference; explicitFileType = wrapper.application; includeInIndex = 0; path = "Fruits and Vegetables.app"; sourceTree = BUILT_PRODUCTS_DIR; };
		C05FAF8F2B9160BE00B7C8B1 /* Fruits_and_VegetablesApp.swift */ = {isa = PBXFileReference; lastKnownFileType = sourcecode.swift; path = Fruits_and_VegetablesApp.swift; sourceTree = "<group>"; };
		C05FAF912B9160BE00B7C8B1 /* ContentView.swift */ = {isa = PBXFileReference; lastKnownFileType = sourcecode.swift; path = ContentView.swift; sourceTree = "<group>"; };
		C05FAF932B9160BF00B7C8B1 /* Assets.xcassets */ = {isa = PBXFileReference; lastKnownFileType = folder.assetcatalog; path = Assets.xcassets; sourceTree = "<group>"; };
		C05FAF962B9160BF00B7C8B1 /* Preview Assets.xcassets */ = {isa = PBXFileReference; lastKnownFileType = folder.assetcatalog; path = "Preview Assets.xcassets"; sourceTree = "<group>"; };
		C0D4CD9C2B939A1200885B02 /* FruitCardView.swift */ = {isa = PBXFileReference; lastKnownFileType = sourcecode.swift; path = FruitCardView.swift; sourceTree = "<group>"; };
		C0D4CD9E2B93A7E100885B02 /* StartButtonView.swift */ = {isa = PBXFileReference; lastKnownFileType = sourcecode.swift; path = StartButtonView.swift; sourceTree = "<group>"; };
		C0D4CDA02B93B09100885B02 /* OnboardingView.swift */ = {isa = PBXFileReference; lastKnownFileType = sourcecode.swift; path = OnboardingView.swift; sourceTree = "<group>"; };
		C0D4CDA32B94099D00885B02 /* FruitModel.swift */ = {isa = PBXFileReference; lastKnownFileType = sourcecode.swift; path = FruitModel.swift; sourceTree = "<group>"; };
		C0D4CDA62B940BAE00885B02 /* FruitData.swift */ = {isa = PBXFileReference; lastKnownFileType = sourcecode.swift; path = FruitData.swift; sourceTree = "<group>"; };
		C0D4CDA82B941D4300885B02 /* FruitRowView.swift */ = {isa = PBXFileReference; lastKnownFileType = sourcecode.swift; path = FruitRowView.swift; sourceTree = "<group>"; };
		C0D4CDAA2B94ECFA00885B02 /* FruitDetailView.swift */ = {isa = PBXFileReference; lastKnownFileType = sourcecode.swift; path = FruitDetailView.swift; sourceTree = "<group>"; };
		C0D4CDAC2B94F6EF00885B02 /* FruitHeaderView.swift */ = {isa = PBXFileReference; lastKnownFileType = sourcecode.swift; path = FruitHeaderView.swift; sourceTree = "<group>"; };
		C0D4CDAE2B94FC8B00885B02 /* SourceLinkView.swift */ = {isa = PBXFileReference; lastKnownFileType = sourcecode.swift; path = SourceLinkView.swift; sourceTree = "<group>"; };
/* End PBXFileReference section */

/* Begin PBXFrameworksBuildPhase section */
		C05FAF892B9160BE00B7C8B1 /* Frameworks */ = {
			isa = PBXFrameworksBuildPhase;
			buildActionMask = 2147483647;
			files = (
			);
			runOnlyForDeploymentPostprocessing = 0;
		};
/* End PBXFrameworksBuildPhase section */

/* Begin PBXGroup section */
		C05FAF832B9160BE00B7C8B1 = {
			isa = PBXGroup;
			children = (
				C05FAF8E2B9160BE00B7C8B1 /* Fruits and Vegetables */,
				C05FAF8D2B9160BE00B7C8B1 /* Products */,
			);
			sourceTree = "<group>";
		};
		C05FAF8D2B9160BE00B7C8B1 /* Products */ = {
			isa = PBXGroup;
			children = (
				C05FAF8C2B9160BE00B7C8B1 /* Fruits and Vegetables.app */,
			);
			name = Products;
			sourceTree = "<group>";
		};
		C05FAF8E2B9160BE00B7C8B1 /* Fruits and Vegetables */ = {
			isa = PBXGroup;
			children = (
				C0D4CDA52B940B9C00885B02 /* Data */,
				C0D4CDA22B94098900885B02 /* Model */,
				C0D4CD9B2B9399A800885B02 /* View */,
				C0D4CD982B93983500885B02 /* App */,
				C05FAF932B9160BF00B7C8B1 /* Assets.xcassets */,
				C05FAF952B9160BF00B7C8B1 /* Preview Content */,
			);
			path = "Fruits and Vegetables";
			sourceTree = "<group>";
		};
		C05FAF952B9160BF00B7C8B1 /* Preview Content */ = {
			isa = PBXGroup;
			children = (
				C05FAF962B9160BF00B7C8B1 /* Preview Assets.xcassets */,
			);
			path = "Preview Content";
			sourceTree = "<group>";
		};
		C0D4CD982B93983500885B02 /* App */ = {
			isa = PBXGroup;
			children = (
				C05FAF8F2B9160BE00B7C8B1 /* Fruits_and_VegetablesApp.swift */,
				C05FAF912B9160BE00B7C8B1 /* ContentView.swift */,
				C0D4CDA02B93B09100885B02 /* OnboardingView.swift */,
				C0D4CDAA2B94ECFA00885B02 /* FruitDetailView.swift */,
				C046E0122B9521CD0054024C /* SettingsView.swift */,
			);
			path = App;
			sourceTree = "<group>";
		};
		C0D4CD9B2B9399A800885B02 /* View */ = {
			isa = PBXGroup;
			children = (
				C0D4CD9C2B939A1200885B02 /* FruitCardView.swift */,
				C0D4CD9E2B93A7E100885B02 /* StartButtonView.swift */,
				C0D4CDA82B941D4300885B02 /* FruitRowView.swift */,
				C0D4CDAC2B94F6EF00885B02 /* FruitHeaderView.swift */,
				C0D4CDAE2B94FC8B00885B02 /* SourceLinkView.swift */,
				C046E0102B9515090054024C /* FruitNutrientsView.swift */,
				C046E0142B952CB30054024C /* SettingsLabelView.swift */,
				C046E0162B9698A70054024C /* SettingsRowView.swift */,
			);
			path = View;
			sourceTree = "<group>";
		};
		C0D4CDA22B94098900885B02 /* Model */ = {
			isa = PBXGroup;
			children = (
				C0D4CDA32B94099D00885B02 /* FruitModel.swift */,
			);
			path = Model;
			sourceTree = "<group>";
		};
		C0D4CDA52B940B9C00885B02 /* Data */ = {
			isa = PBXGroup;
			children = (
				C0D4CDA62B940BAE00885B02 /* FruitData.swift */,
			);
			path = Data;
			sourceTree = "<group>";
		};
/* End PBXGroup section */

/* Begin PBXNativeTarget section */
		C05FAF8B2B9160BE00B7C8B1 /* Fruits and Vegetables */ = {
			isa = PBXNativeTarget;
			buildConfigurationList = C05FAF9A2B9160BF00B7C8B1 /* Build configuration list for PBXNativeTarget "Fruits and Vegetables" */;
			buildPhases = (
				C05FAF882B9160BE00B7C8B1 /* Sources */,
				C05FAF892B9160BE00B7C8B1 /* Frameworks */,
				C05FAF8A2B9160BE00B7C8B1 /* Resources */,
			);
			buildRules = (
			);
			dependencies = (
			);
			name = "Fruits and Vegetables";
			productName = "Fruits and Vegetables";
			productReference = C05FAF8C2B9160BE00B7C8B1 /* Fruits and Vegetables.app */;
			productType = "com.apple.product-type.application";
		};
/* End PBXNativeTarget section */

/* Begin PBXProject section */
		C05FAF842B9160BE00B7C8B1 /* Project object */ = {
			isa = PBXProject;
			attributes = {
				BuildIndependentTargetsInParallel = 1;
				LastSwiftUpdateCheck = 1520;
				LastUpgradeCheck = 1520;
				TargetAttributes = {
					C05FAF8B2B9160BE00B7C8B1 = {
						CreatedOnToolsVersion = 15.2;
					};
				};
			};
			buildConfigurationList = C05FAF872B9160BE00B7C8B1 /* Build configuration list for PBXProject "Fruits and Vegetables" */;
			compatibilityVersion = "Xcode 14.0";
			developmentRegion = en;
			hasScannedForEncodings = 0;
			knownRegions = (
				en,
				Base,
			);
			mainGroup = C05FAF832B9160BE00B7C8B1;
			productRefGroup = C05FAF8D2B9160BE00B7C8B1 /* Products */;
			projectDirPath = "";
			projectRoot = "";
			targets = (
				C05FAF8B2B9160BE00B7C8B1 /* Fruits and Vegetables */,
			);
		};
/* End PBXProject section */

/* Begin PBXResourcesBuildPhase section */
		C05FAF8A2B9160BE00B7C8B1 /* Resources */ = {
			isa = PBXResourcesBuildPhase;
			buildActionMask = 2147483647;
			files = (
				C05FAF972B9160BF00B7C8B1 /* Preview Assets.xcassets in Resources */,
				C05FAF942B9160BF00B7C8B1 /* Assets.xcassets in Resources */,
			);
			runOnlyForDeploymentPostprocessing = 0;
		};
/* End PBXResourcesBuildPhase section */

/* Begin PBXSourcesBuildPhase section */
		C05FAF882B9160BE00B7C8B1 /* Sources */ = {
			isa = PBXSourcesBuildPhase;
			buildActionMask = 2147483647;
			files = (
				C0D4CDA72B940BAE00885B02 /* FruitData.swift in Sources */,
				C0D4CDAF2B94FC8B00885B02 /* SourceLinkView.swift in Sources */,
				C046E0172B9698A70054024C /* SettingsRowView.swift in Sources */,
				C0D4CD9D2B939A1200885B02 /* FruitCardView.swift in Sources */,
				C0D4CDA92B941D4300885B02 /* FruitRowView.swift in Sources */,
				C046E0112B9515090054024C /* FruitNutrientsView.swift in Sources */,
				C0D4CD9F2B93A7E100885B02 /* StartButtonView.swift in Sources */,
				C0D4CDAB2B94ECFA00885B02 /* FruitDetailView.swift in Sources */,
				C05FAF922B9160BE00B7C8B1 /* ContentView.swift in Sources */,
				C0D4CDAD2B94F6EF00885B02 /* FruitHeaderView.swift in Sources */,
				C0D4CDA12B93B09100885B02 /* OnboardingView.swift in Sources */,
				C046E0152B952CB30054024C /* SettingsLabelView.swift in Sources */,
				C0D4CDA42B94099D00885B02 /* FruitModel.swift in Sources */,
				C05FAF902B9160BE00B7C8B1 /* Fruits_and_VegetablesApp.swift in Sources */,
				C046E0132B9521CD0054024C /* SettingsView.swift in Sources */,
			);
			runOnlyForDeploymentPostprocessing = 0;
		};
/* End PBXSourcesBuildPhase section */

/* Begin XCBuildConfiguration section */
		C05FAF982B9160BF00B7C8B1 /* Debug */ = {
			isa = XCBuildConfiguration;
			buildSettings = {
				ALWAYS_SEARCH_USER_PATHS = NO;
				ASSETCATALOG_COMPILER_GENERATE_SWIFT_ASSET_SYMBOL_EXTENSIONS = YES;
				CLANG_ANALYZER_NONNULL = YES;
				CLANG_ANALYZER_NUMBER_OBJECT_CONVERSION = YES_AGGRESSIVE;
				CLANG_CXX_LANGUAGE_STANDARD = "gnu++20";
				CLANG_ENABLE_MODULES = YES;
				CLANG_ENABLE_OBJC_ARC = YES;
				CLANG_ENABLE_OBJC_WEAK = YES;
				CLANG_WARN_BLOCK_CAPTURE_AUTORELEASING = YES;
				CLANG_WARN_BOOL_CONVERSION = YES;
				CLANG_WARN_COMMA = YES;
				CLANG_WARN_CONSTANT_CONVERSION = YES;
				CLANG_WARN_DEPRECATED_OBJC_IMPLEMENTATIONS = YES;
				CLANG_WARN_DIRECT_OBJC_ISA_USAGE = YES_ERROR;
				CLANG_WARN_DOCUMENTATION_COMMENTS = YES;
				CLANG_WARN_EMPTY_BODY = YES;
				CLANG_WARN_ENUM_CONVERSION = YES;
				CLANG_WARN_INFINITE_RECURSION = YES;
				CLANG_WARN_INT_CONVERSION = YES;
				CLANG_WARN_NON_LITERAL_NULL_CONVERSION = YES;
				CLANG_WARN_OBJC_IMPLICIT_RETAIN_SELF = YES;
				CLANG_WARN_OBJC_LITERAL_CONVERSION = YES;
				CLANG_WARN_OBJC_ROOT_CLASS = YES_ERROR;
				CLANG_WARN_QUOTED_INCLUDE_IN_FRAMEWORK_HEADER = YES;
				CLANG_WARN_RANGE_LOOP_ANALYSIS = YES;
				CLANG_WARN_STRICT_PROTOTYPES = YES;
				CLANG_WARN_SUSPICIOUS_MOVE = YES;
				CLANG_WARN_UNGUARDED_AVAILABILITY = YES_AGGRESSIVE;
				CLANG_WARN_UNREACHABLE_CODE = YES;
				CLANG_WARN__DUPLICATE_METHOD_MATCH = YES;
				COPY_PHASE_STRIP = NO;
				DEBUG_INFORMATION_FORMAT = dwarf;
				ENABLE_STRICT_OBJC_MSGSEND = YES;
				ENABLE_TESTABILITY = YES;
				ENABLE_USER_SCRIPT_SANDBOXING = YES;
				GCC_C_LANGUAGE_STANDARD = gnu17;
				GCC_DYNAMIC_NO_PIC = NO;
				GCC_NO_COMMON_BLOCKS = YES;
				GCC_OPTIMIZATION_LEVEL = 0;
				GCC_PREPROCESSOR_DEFINITIONS = (
					"DEBUG=1",
					"$(inherited)",
				);
				GCC_WARN_64_TO_32_BIT_CONVERSION = YES;
				GCC_WARN_ABOUT_RETURN_TYPE = YES_ERROR;
				GCC_WARN_UNDECLARED_SELECTOR = YES;
				GCC_WARN_UNINITIALIZED_AUTOS = YES_AGGRESSIVE;
				GCC_WARN_UNUSED_FUNCTION = YES;
				GCC_WARN_UNUSED_VARIABLE = YES;
				IPHONEOS_DEPLOYMENT_TARGET = 17.2;
				LOCALIZATION_PREFERS_STRING_CATALOGS = YES;
				MTL_ENABLE_DEBUG_INFO = INCLUDE_SOURCE;
				MTL_FAST_MATH = YES;
				ONLY_ACTIVE_ARCH = YES;
				SDKROOT = iphoneos;
				SWIFT_ACTIVE_COMPILATION_CONDITIONS = "DEBUG $(inherited)";
				SWIFT_OPTIMIZATION_LEVEL = "-Onone";
			};
			name = Debug;
		};
		C05FAF992B9160BF00B7C8B1 /* Release */ = {
			isa = XCBuildConfiguration;
			buildSettings = {
				ALWAYS_SEARCH_USER_PATHS = NO;
				ASSETCATALOG_COMPILER_GENERATE_SWIFT_ASSET_SYMBOL_EXTENSIONS = YES;
				CLANG_ANALYZER_NONNULL = YES;
				CLANG_ANALYZER_NUMBER_OBJECT_CONVERSION = YES_AGGRESSIVE;
				CLANG_CXX_LANGUAGE_STANDARD = "gnu++20";
				CLANG_ENABLE_MODULES = YES;
				CLANG_ENABLE_OBJC_ARC = YES;
				CLANG_ENABLE_OBJC_WEAK = YES;
				CLANG_WARN_BLOCK_CAPTURE_AUTORELEASING = YES;
				CLANG_WARN_BOOL_CONVERSION = YES;
				CLANG_WARN_COMMA = YES;
				CLANG_WARN_CONSTANT_CONVERSION = YES;
				CLANG_WARN_DEPRECATED_OBJC_IMPLEMENTATIONS = YES;
				CLANG_WARN_DIRECT_OBJC_ISA_USAGE = YES_ERROR;
				CLANG_WARN_DOCUMENTATION_COMMENTS = YES;
				CLANG_WARN_EMPTY_BODY = YES;
				CLANG_WARN_ENUM_CONVERSION = YES;
				CLANG_WARN_INFINITE_RECURSION = YES;
				CLANG_WARN_INT_CONVERSION = YES;
				CLANG_WARN_NON_LITERAL_NULL_CONVERSION = YES;
				CLANG_WARN_OBJC_IMPLICIT_RETAIN_SELF = YES;
				CLANG_WARN_OBJC_LITERAL_CONVERSION = YES;
				CLANG_WARN_OBJC_ROOT_CLASS = YES_ERROR;
				CLANG_WARN_QUOTED_INCLUDE_IN_FRAMEWORK_HEADER = YES;
				CLANG_WARN_RANGE_LOOP_ANALYSIS = YES;
				CLANG_WARN_STRICT_PROTOTYPES = YES;
				CLANG_WARN_SUSPICIOUS_MOVE = YES;
				CLANG_WARN_UNGUARDED_AVAILABILITY = YES_AGGRESSIVE;
				CLANG_WARN_UNREACHABLE_CODE = YES;
				CLANG_WARN__DUPLICATE_METHOD_MATCH = YES;
				COPY_PHASE_STRIP = NO;
				DEBUG_INFORMATION_FORMAT = "dwarf-with-dsym";
				ENABLE_NS_ASSERTIONS = NO;
				ENABLE_STRICT_OBJC_MSGSEND = YES;
				ENABLE_USER_SCRIPT_SANDBOXING = YES;
				GCC_C_LANGUAGE_STANDARD = gnu17;
				GCC_NO_COMMON_BLOCKS = YES;
				GCC_WARN_64_TO_32_BIT_CONVERSION = YES;
				GCC_WARN_ABOUT_RETURN_TYPE = YES_ERROR;
				GCC_WARN_UNDECLARED_SELECTOR = YES;
				GCC_WARN_UNINITIALIZED_AUTOS = YES_AGGRESSIVE;
				GCC_WARN_UNUSED_FUNCTION = YES;
				GCC_WARN_UNUSED_VARIABLE = YES;
				IPHONEOS_DEPLOYMENT_TARGET = 17.2;
				LOCALIZATION_PREFERS_STRING_CATALOGS = YES;
				MTL_ENABLE_DEBUG_INFO = NO;
				MTL_FAST_MATH = YES;
				SDKROOT = iphoneos;
				SWIFT_COMPILATION_MODE = wholemodule;
				VALIDATE_PRODUCT = YES;
			};
			name = Release;
		};
		C05FAF9B2B9160BF00B7C8B1 /* Debug */ = {
			isa = XCBuildConfiguration;
			buildSettings = {
				ASSETCATALOG_COMPILER_APPICON_NAME = AppIcon;
				ASSETCATALOG_COMPILER_GLOBAL_ACCENT_COLOR_NAME = AccentColor;
				CODE_SIGN_IDENTITY = "Apple Development";
				CODE_SIGN_STYLE = Automatic;
				CURRENT_PROJECT_VERSION = 1;
				DEVELOPMENT_ASSET_PATHS = "\"Fruits and Vegetables/Preview Content\"";
				DEVELOPMENT_TEAM = UHCN8F9756;
				ENABLE_PREVIEWS = YES;
				GENERATE_INFOPLIST_FILE = YES;
				INFOPLIST_KEY_UIApplicationSceneManifest_Generation = YES;
				INFOPLIST_KEY_UIApplicationSupportsIndirectInputEvents = YES;
				INFOPLIST_KEY_UILaunchScreen_Generation = YES;
				INFOPLIST_KEY_UISupportedInterfaceOrientations = UIInterfaceOrientationPortrait;
				LD_RUNPATH_SEARCH_PATHS = (
					"$(inherited)",
					"@executable_path/Frameworks",
				);
				MARKETING_VERSION = 1.0;
				PRODUCT_BUNDLE_IDENTIFIER = "com.eymard.chad.Fruits-and-Vegetables";
				PRODUCT_NAME = "$(TARGET_NAME)";
				PROVISIONING_PROFILE_SPECIFIER = "";
				SWIFT_EMIT_LOC_STRINGS = YES;
				SWIFT_VERSION = 5.0;
				TARGETED_DEVICE_FAMILY = "1,2";
			};
			name = Debug;
		};
		C05FAF9C2B9160BF00B7C8B1 /* Release */ = {
			isa = XCBuildConfiguration;
			buildSettings = {
				ASSETCATALOG_COMPILER_APPICON_NAME = AppIcon;
				ASSETCATALOG_COMPILER_GLOBAL_ACCENT_COLOR_NAME = AccentColor;
				CODE_SIGN_IDENTITY = "Apple Development";
				CODE_SIGN_STYLE = Automatic;
				CURRENT_PROJECT_VERSION = 1;
				DEVELOPMENT_ASSET_PATHS = "\"Fruits and Vegetables/Preview Content\"";
				DEVELOPMENT_TEAM = UHCN8F9756;
				ENABLE_PREVIEWS = YES;
				GENERATE_INFOPLIST_FILE = YES;
				INFOPLIST_KEY_UIApplicationSceneManifest_Generation = YES;
				INFOPLIST_KEY_UIApplicationSupportsIndirectInputEvents = YES;
				INFOPLIST_KEY_UILaunchScreen_Generation = YES;
				INFOPLIST_KEY_UISupportedInterfaceOrientations = UIInterfaceOrientationPortrait;
				LD_RUNPATH_SEARCH_PATHS = (
					"$(inherited)",
					"@executable_path/Frameworks",
				);
				MARKETING_VERSION = 1.0;
				PRODUCT_BUNDLE_IDENTIFIER = "com.eymard.chad.Fruits-and-Vegetables";
				PRODUCT_NAME = "$(TARGET_NAME)";
				PROVISIONING_PROFILE_SPECIFIER = "";
				SWIFT_EMIT_LOC_STRINGS = YES;
				SWIFT_VERSION = 5.0;
				TARGETED_DEVICE_FAMILY = "1,2";
			};
			name = Release;
		};
/* End XCBuildConfiguration section */

/* Begin XCConfigurationList section */
		C05FAF872B9160BE00B7C8B1 /* Build configuration list for PBXProject "Fruits and Vegetables" */ = {
			isa = XCConfigurationList;
			buildConfigurations = (
				C05FAF982B9160BF00B7C8B1 /* Debug */,
				C05FAF992B9160BF00B7C8B1 /* Release */,
			);
			defaultConfigurationIsVisible = 0;
			defaultConfigurationName = Release;
		};
		C05FAF9A2B9160BF00B7C8B1 /* Build configuration list for PBXNativeTarget "Fruits and Vegetables" */ = {
			isa = XCConfigurationList;
			buildConfigurations = (
				C05FAF9B2B9160BF00B7C8B1 /* Debug */,
				C05FAF9C2B9160BF00B7C8B1 /* Release */,
			);
			defaultConfigurationIsVisible = 0;
			defaultConfigurationName = Release;
		};
/* End XCConfigurationList section */
	};
	rootObject = C05FAF842B9160BE00B7C8B1 /* Project object */;
}
